
Microsoft Visual Studio Solution File, Format Version 12.00
# Visual Studio Version 16
VisualStudioVersion = 16.0.29411.108
MinimumVisualStudioVersion = 10.0.40219.1
Project("{FAE04EC0-301F-11D3-BF4B-00C04F79EFBC}") = "FunBooksAndVideos.Common", "FunBooksAndVideos.Common\FunBooksAndVideos.Common.csproj", "{9636FADB-F9CE-4C09-98BE-15F6F662F0EA}"
EndProject
Project("{FAE04EC0-301F-11D3-BF4B-00C04F79EFBC}") = "FunBooksAndVideos.Tests", "FunBooksAndVideos.Tests\FunBooksAndVideos.Tests.csproj", "{523F0EF8-2056-4358-B756-C5DBB047E487}"
EndProject
Global
	GlobalSection(SolutionConfigurationPlatforms) = preSolution
		Debug|Any CPU = Debug|Any CPU
		Release|Any CPU = Release|Any CPU
	EndGlobalSection
	GlobalSection(ProjectConfigurationPlatforms) = postSolution
		{9636FADB-F9CE-4C09-98BE-15F6F662F0EA}.Debug|Any CPU.ActiveCfg = Debug|Any CPU
		{9636FADB-F9CE-4C09-98BE-15F6F662F0EA}.Debug|Any CPU.Build.0 = Debug|Any CPU
		{9636FADB-F9CE-4C09-98BE-15F6F662F0EA}.Release|Any CPU.ActiveCfg = Release|Any CPU
		{9636FADB-F9CE-4C09-98BE-15F6F662F0EA}.Release|Any CPU.Build.0 = Release|Any CPU
		{523F0EF8-2056-4358-B756-C5DBB047E487}.Debug|Any CPU.ActiveCfg = Debug|Any CPU
		{523F0EF8-2056-4358-B756-C5DBB047E487}.Debug|Any CPU.Build.0 = Debug|Any CPU
		{523F0EF8-2056-4358-B756-C5DBB047E487}.Release|Any CPU.ActiveCfg = Release|Any CPU
		{523F0EF8-2056-4358-B756-C5DBB047E487}.Release|Any CPU.Build.0 = Release|Any CPU
	EndGlobalSection
	GlobalSection(SolutionProperties) = preSolution
		HideSolutionNode = FALSE
	EndGlobalSection
	GlobalSection(ExtensibilityGlobals) = postSolution
		SolutionGuid = {3EF91F11-6B76-42F3-B3E7-B9104933758D}
	EndGlobalSection
EndGlobal
